PODS:
  - NokeMobileLibrary (0.10.0):
    - PhoneKeyCore (~> 1.1.1)
  - PhoneKeyCore (1.1.1)

DEPENDENCIES:
  - NokeMobileLibrary (from `../`)
  - PhoneKeyCore (from `https://github.com/noke-inc/PhoneKeyCore.git`, tag `v1.1.1`)

EXTERNAL SOURCES:
  NokeMobileLibrary:
    :path: "../"
  PhoneKeyCore:
    :git: https://github.com/noke-inc/PhoneKeyCore.git
    :tag: v1.1.1

CHECKOUT OPTIONS:
  PhoneKeyCore:
    :git: https://github.com/noke-inc/PhoneKeyCore.git
    :tag: v1.1.1

SPEC CHECKSUMS:
  NokeMobileLibrary: 8fc109b5edf108497e72937bfa3a1258e65cb220
  PhoneKeyCore: ae3abb8a115fed0f50a94c20979adb5223d462cb

PODFILE CHECKSUM: 7b7dbb5a887e838be2c68a4943d6078b9a5d5e8e

COCOAPODS: 1.16.2
