PODS:
  - NokeMobileLibrary (0.9.4)

DEPENDENCIES:
  - NokeMobileLibrary (from `../`)

EXTERNAL SOURCES:
  NokeMobileLibrary:
    :path: "../"

SPEC CHECKSUMS:
  NokeMobileLibrary: d16f169f75b8d07f9d48eec2385c9931f0c69fcd

PODFILE CHECKSUM: c5e30145b9c72c8512fc5c45cf8faf6350883256

COCOAPODS: 1.16.2
